
Microsoft Visual Studio Solution File, Format Version 12.00
# Visual Studio Version 17
VisualStudioVersion = 17.9.34616.47
MinimumVisualStudioVersion = 10.0.40219.1
Project("{FAE04EC0-301F-11D3-BF4B-00C04F79EFBC}") = "test", "test.csproj", "{B1EDD711-412D-411D-B6DC-792CAE4484DB}"
EndProject
Global
	GlobalSection(SolutionConfigurationPlatforms) = preSolution
		Debug|Any CPU = Debug|Any CPU
		Release|Any CPU = Release|Any CPU
	EndGlobalSection
	GlobalSection(ProjectConfigurationPlatforms) = postSolution
		{B1EDD711-412D-411D-B6DC-792CAE4484DB}.Debug|Any CPU.ActiveCfg = Debug|Any CPU
		{B1EDD711-412D-411D-B6DC-792CAE4484DB}.Debug|Any CPU.Build.0 = Debug|Any CPU
		{B1EDD711-412D-411D-B6DC-792CAE4484DB}.Release|Any CPU.ActiveCfg = Release|Any CPU
		{B1EDD711-412D-411D-B6DC-792CAE4484DB}.Release|Any CPU.Build.0 = Release|Any CPU
	EndGlobalSection
	GlobalSection(SolutionProperties) = preSolution
		HideSolutionNode = FALSE
	EndGlobalSection
	GlobalSection(ExtensibilityGlobals) = postSolution
		SolutionGuid = {CEE1D18F-894F-45DB-BFDF-489A2C14B947}
	EndGlobalSection
EndGlobal
