
Microsoft Visual Studio Solution File, Format Version 12.00
# Visual Studio Version 17
VisualStudioVersion = 17.9.34616.47
MinimumVisualStudioVersion = 10.0.40219.1
Project("{FAE04EC0-301F-11D3-BF4B-00C04F79EFBC}") = "PersonClases", "PersonClases.csproj", "{DDBAC005-8C08-4589-ABD0-0A2891B4CF32}"
EndProject
Global
	GlobalSection(SolutionConfigurationPlatforms) = preSolution
		Debug|Any CPU = Debug|Any CPU
		Release|Any CPU = Release|Any CPU
	EndGlobalSection
	GlobalSection(ProjectConfigurationPlatforms) = postSolution
		{DDBAC005-8C08-4589-ABD0-0A2891B4CF32}.Debug|Any CPU.ActiveCfg = Debug|Any CPU
		{DDBAC005-8C08-4589-ABD0-0A2891B4CF32}.Debug|Any CPU.Build.0 = Debug|Any CPU
		{DDBAC005-8C08-4589-ABD0-0A2891B4CF32}.Release|Any CPU.ActiveCfg = Release|Any CPU
		{DDBAC005-8C08-4589-ABD0-0A2891B4CF32}.Release|Any CPU.Build.0 = Release|Any CPU
	EndGlobalSection
	GlobalSection(SolutionProperties) = preSolution
		HideSolutionNode = FALSE
	EndGlobalSection
	GlobalSection(ExtensibilityGlobals) = postSolution
		SolutionGuid = {A7569E64-0A36-41EF-97C7-E70B6359DBC0}
	EndGlobalSection
EndGlobal
