
Microsoft Visual Studio Solution File, Format Version 12.00
# Visual Studio Version 17
VisualStudioVersion = 17.9.34616.47
MinimumVisualStudioVersion = 10.0.40219.1
Project("{FAE04EC0-301F-11D3-BF4B-00C04F79EFBC}") = "loop1", "loop1.csproj", "{635B05C4-6097-481F-B0F4-5290AC5D0E4A}"
EndProject
Global
	GlobalSection(SolutionConfigurationPlatforms) = preSolution
		Debug|Any CPU = Debug|Any CPU
		Release|Any CPU = Release|Any CPU
	EndGlobalSection
	GlobalSection(ProjectConfigurationPlatforms) = postSolution
		{635B05C4-6097-481F-B0F4-5290AC5D0E4A}.Debug|Any CPU.ActiveCfg = Debug|Any CPU
		{635B05C4-6097-481F-B0F4-5290AC5D0E4A}.Debug|Any CPU.Build.0 = Debug|Any CPU
		{635B05C4-6097-481F-B0F4-5290AC5D0E4A}.Release|Any CPU.ActiveCfg = Release|Any CPU
		{635B05C4-6097-481F-B0F4-5290AC5D0E4A}.Release|Any CPU.Build.0 = Release|Any CPU
	EndGlobalSection
	GlobalSection(SolutionProperties) = preSolution
		HideSolutionNode = FALSE
	EndGlobalSection
	GlobalSection(ExtensibilityGlobals) = postSolution
		SolutionGuid = {EEEF9892-64C9-4DD8-8289-34D411003DD7}
	EndGlobalSection
EndGlobal
