
Microsoft Visual Studio Solution File, Format Version 12.00
# Visual Studio Version 17
VisualStudioVersion = 17.9.34616.47
MinimumVisualStudioVersion = 10.0.40219.1
Project("{FAE04EC0-301F-11D3-BF4B-00C04F79EFBC}") = "Mentor-3", "Mentor-3.csproj", "{C7BDECD8-7BFB-4C41-B8E5-9D135BE07344}"
EndProject
Global
	GlobalSection(SolutionConfigurationPlatforms) = preSolution
		Debug|Any CPU = Debug|Any CPU
		Release|Any CPU = Release|Any CPU
	EndGlobalSection
	GlobalSection(ProjectConfigurationPlatforms) = postSolution
		{C7BDECD8-7BFB-4C41-B8E5-9D135BE07344}.Debug|Any CPU.ActiveCfg = Debug|Any CPU
		{C7BDECD8-7BFB-4C41-B8E5-9D135BE07344}.Debug|Any CPU.Build.0 = Debug|Any CPU
		{C7BDECD8-7BFB-4C41-B8E5-9D135BE07344}.Release|Any CPU.ActiveCfg = Release|Any CPU
		{C7BDECD8-7BFB-4C41-B8E5-9D135BE07344}.Release|Any CPU.Build.0 = Release|Any CPU
	EndGlobalSection
	GlobalSection(SolutionProperties) = preSolution
		HideSolutionNode = FALSE
	EndGlobalSection
	GlobalSection(ExtensibilityGlobals) = postSolution
		SolutionGuid = {51F7B47E-2DEB-4BB7-8BFA-70C8818C5877}
	EndGlobalSection
EndGlobal
